
Microsoft Visual Studio Solution File, Format Version 12.00
# Visual Studio Version 16
VisualStudioVersion = 16.0.31624.102
MinimumVisualStudioVersion = 10.0.40219.1
Project("{2150E333-8FDC-42A3-9474-1A3956D46DE8}") = "Services", "Services", "{B58E75B5-7D7D-46AF-9CCD-A2C205AE0FAC}"
EndProject
Project("{FAE04EC0-301F-11D3-BF4B-00C04F79EFBC}") = "Library.API", "Librery.API\Library.API.csproj", "{BDA711B4-52B2-4263-937F-6C738B0A9EE9}"
EndProject
Global
	GlobalSection(SolutionConfigurationPlatforms) = preSolution
		Debug|Any CPU = Debug|Any CPU
		Release|Any CPU = Release|Any CPU
	EndGlobalSection
	GlobalSection(ProjectConfigurationPlatforms) = postSolution
		{BDA711B4-52B2-4263-937F-6C738B0A9EE9}.Debug|Any CPU.ActiveCfg = Debug|Any CPU
		{BDA711B4-52B2-4263-937F-6C738B0A9EE9}.Debug|Any CPU.Build.0 = Debug|Any CPU
		{BDA711B4-52B2-4263-937F-6C738B0A9EE9}.Release|Any CPU.ActiveCfg = Release|Any CPU
		{BDA711B4-52B2-4263-937F-6C738B0A9EE9}.Release|Any CPU.Build.0 = Release|Any CPU
	EndGlobalSection
	GlobalSection(SolutionProperties) = preSolution
		HideSolutionNode = FALSE
	EndGlobalSection
	GlobalSection(NestedProjects) = preSolution
		{BDA711B4-52B2-4263-937F-6C738B0A9EE9} = {B58E75B5-7D7D-46AF-9CCD-A2C205AE0FAC}
	EndGlobalSection
	GlobalSection(ExtensibilityGlobals) = postSolution
		SolutionGuid = {56A19283-1CAA-428B-BB45-7EC4A289223B}
	EndGlobalSection
EndGlobal
